// !$*UTF8*$!
{
	archiveVersion = 1;
	classes = {
	};
	objectVersion = 50;
	objects = {

/* Begin PBXBuildFile section */
		17992610236CBAB700785280 /* AppDelegate.swift in Sources */ = {isa = PBXBuildFile; fileRef = 1799260F236CBAB700785280 /* AppDelegate.swift */; };
		17992612236CBAB700785280 /* RootViewController.swift in Sources */ = {isa = PBXBuildFile; fileRef = 17992611236CBAB700785280 /* RootViewController.swift */; };
		17992614236CBAB700785280 /* DataViewController.swift in Sources */ = {isa = PBXBuildFile; fileRef = 17992613236CBAB700785280 /* DataViewController.swift */; };
		17992616236CBAB700785280 /* ModelController.swift in Sources */ = {isa = PBXBuildFile; fileRef = 17992615236CBAB700785280 /* ModelController.swift */; };
		17992619236CBAB700785280 /* Main.storyboard in Resources */ = {isa = PBXBuildFile; fileRef = 17992617236CBAB700785280 /* Main.storyboard */; };
		1799261B236CBAB800785280 /* Assets.xcassets in Resources */ = {isa = PBXBuildFile; fileRef = 1799261A236CBAB800785280 /* Assets.xcassets */; };
		1799261E236CBAB800785280 /* LaunchScreen.storyboard in Resources */ = {isa = PBXBuildFile; fileRef = 1799261C236CBAB800785280 /* LaunchScreen.storyboard */; };
/* End PBXBuildFile section */

/* Begin PBXFileReference section */
		1799260C236CBAB700785280 /* ThinktankProjectFINAL.app */ = {isa = PBXFileReference; explicitFileType = wrapper.application; includeInIndex = 0; path = ThinktankProjectFINAL.app; sourceTree = BUILT_PRODUCTS_DIR; };
		1799260F236CBAB700785280 /* AppDelegate.swift */ = {isa = PBXFileReference; lastKnownFileType = sourcecode.swift; path = AppDelegate.swift; sourceTree = "<group>"; };
		17992611236CBAB700785280 /* RootViewController.swift */ = {isa = PBXFileReference; lastKnownFileType = sourcecode.swift; path = RootViewController.swift; sourceTree = "<group>"; };
		17992613236CBAB700785280 /* DataViewController.swift */ = {isa = PBXFileReference; lastKnownFileType = sourcecode.swift; path = DataViewController.swift; sourceTree = "<group>"; };
		17992615236CBAB700785280 /* ModelController.swift */ = {isa = PBXFileReference; lastKnownFileType = sourcecode.swift; path = ModelController.swift; sourceTree = "<group>"; };
		17992618236CBAB700785280 /* Base */ = {isa = PBXFileReference; lastKnownFileType = file.storyboard; name = Base; path = Base.lproj/Main.storyboard; sourceTree = "<group>"; };
		1799261A236CBAB800785280 /* Assets.xcassets */ = {isa = PBXFileReference; lastKnownFileType = folder.assetcatalog; path = Assets.xcassets; sourceTree = "<group>"; };
		1799261D236CBAB800785280 /* Base */ = {isa = PBXFileReference; lastKnownFileType = file.storyboard; name = Base; path = Base.lproj/LaunchScreen.storyboard; sourceTree = "<group>"; };
/* End PBXFileReference section */

/* Begin PBXFrameworksBuildPhase section */
		17992609236CBAB700785280 /* Frameworks */ = {
			isa = PBXFrameworksBuildPhase;
			buildActionMask = 2147483647;
			files = (
			);
			runOnlyForDeploymentPostprocessing = 0;
		};
/* End PBXFrameworksBuildPhase section */

/* Begin PBXGroup section */
		17992603236CBAB700785280 = {
			isa = PBXGroup;
			children = (
				1799260E236CBAB700785280 /* ThinktankProject */,
				1799260D236CBAB700785280 /* Products */,
			);
			sourceTree = "<group>";
		};
		1799260D236CBAB700785280 /* Products */ = {
			isa = PBXGroup;
			children = (
				1799260C236CBAB700785280 /* ThinktankProjectFINAL.app */,
			);
			name = Products;
			sourceTree = "<group>";
		};
		1799260E236CBAB700785280 /* ThinktankProject */ = {
			isa = PBXGroup;
			children = (
				1799260F236CBAB700785280 /* AppDelegate.swift */,
				17992611236CBAB700785280 /* RootViewController.swift */,
				17992613236CBAB700785280 /* DataViewController.swift */,
				17992615236CBAB700785280 /* ModelController.swift */,
				17992617236CBAB700785280 /* Main.storyboard */,
				1799261A236CBAB800785280 /* Assets.xcassets */,
				1799261C236CBAB800785280 /* LaunchScreen.storyboard */,
			);
			path = ThinktankProject;
			sourceTree = "<group>";
		};
/* End PBXGroup section */

/* Begin PBXNativeTarget section */
		1799260B236CBAB700785280 /* ThinktankProject */ = {
			isa = PBXNativeTarget;
			buildConfigurationList = 17992622236CBAB800785280 /* Build configuration list for PBXNativeTarget "ThinktankProject" */;
			buildPhases = (
				17992608236CBAB700785280 /* Sources */,
				17992609236CBAB700785280 /* Frameworks */,
				1799260A236CBAB700785280 /* Resources */,
			);
			buildRules = (
			);
			dependencies = (
			);
			name = ThinktankProject;
			productName = ThinktankProject;
			productReference = 1799260C236CBAB700785280 /* ThinktankProjectFINAL.app */;
			productType = "com.apple.product-type.application";
		};
/* End PBXNativeTarget section */

/* Begin PBXProject section */
		17992604236CBAB700785280 /* Project object */ = {
			isa = PBXProject;
			attributes = {
				LastSwiftUpdateCheck = 1030;
				LastUpgradeCheck = 1030;
				ORGANIZATIONNAME = LHSThinktank;
				TargetAttributes = {
					1799260B236CBAB700785280 = {
						CreatedOnToolsVersion = 10.3;
					};
				};
			};
			buildConfigurationList = 17992607236CBAB700785280 /* Build configuration list for PBXProject "ThinktankProject" */;
			compatibilityVersion = "Xcode 9.3";
			developmentRegion = en;
			hasScannedForEncodings = 0;
			knownRegions = (
				en,
				Base,
			);
			mainGroup = 17992603236CBAB700785280;
			productRefGroup = 1799260D236CBAB700785280 /* Products */;
			projectDirPath = "";
			projectRoot = "";
			targets = (
				1799260B236CBAB700785280 /* ThinktankProject */,
			);
		};
/* End PBXProject section */

/* Begin PBXResourcesBuildPhase section */
		1799260A236CBAB700785280 /* Resources */ = {
			isa = PBXResourcesBuildPhase;
			buildActionMask = 2147483647;
			files = (
				1799261E236CBAB800785280 /* LaunchScreen.storyboard in Resources */,
				1799261B236CBAB800785280 /* Assets.xcassets in Resources */,
				17992619236CBAB700785280 /* Main.storyboard in Resources */,
			);
			runOnlyForDeploymentPostprocessing = 0;
		};
/* End PBXResourcesBuildPhase section */

/* Begin PBXSourcesBuildPhase section */
		17992608236CBAB700785280 /* Sources */ = {
			isa = PBXSourcesBuildPhase;
			buildActionMask = 2147483647;
			files = (
				17992612236CBAB700785280 /* RootViewController.swift in Sources */,
				17992616236CBAB700785280 /* ModelController.swift in Sources */,
				17992614236CBAB700785280 /* DataViewController.swift in Sources */,
				17992610236CBAB700785280 /* AppDelegate.swift in Sources */,
			);
			runOnlyForDeploymentPostprocessing = 0;
		};
/* End PBXSourcesBuildPhase section */

/* Begin PBXVariantGroup section */
		17992617236CBAB700785280 /* Main.storyboard */ = {
			isa = PBXVariantGroup;
			children = (
				17992618236CBAB700785280 /* Base */,
			);
			name = Main.storyboard;
			sourceTree = "<group>";
		};
		1799261C236CBAB800785280 /* LaunchScreen.storyboard */ = {
			isa = PBXVariantGroup;
			children = (
				1799261D236CBAB800785280 /* Base */,
			);
			name = LaunchScreen.storyboard;
			sourceTree = "<group>";
		};
/* End PBXVariantGroup section */

/* Begin XCBuildConfiguration section */
		17992620236CBAB800785280 /* Debug */ = {
			isa = XCBuildConfiguration;
			buildSettings = {
				ALWAYS_SEARCH_USER_PATHS = NO;
				CLANG_ANALYZER_NONNULL = YES;
				CLANG_ANALYZER_NUMBER_OBJECT_CONVERSION = YES_AGGRESSIVE;
				CLANG_CXX_LANGUAGE_STANDARD = "gnu++14";
				CLANG_CXX_LIBRARY = "libc++";
				CLANG_ENABLE_MODULES = YES;
				CLANG_ENABLE_OBJC_ARC = YES;
				CLANG_ENABLE_OBJC_WEAK = YES;
				CLANG_WARN_BLOCK_CAPTURE_AUTORELEASING = YES;
				CLANG_WARN_BOOL_CONVERSION = YES;
				CLANG_WARN_COMMA = YES;
				CLANG_WARN_CONSTANT_CONVERSION = YES;
				CLANG_WARN_DEPRECATED_OBJC_IMPLEMENTATIONS = YES;
				CLANG_WARN_DIRECT_OBJC_ISA_USAGE = YES_ERROR;
				CLANG_WARN_DOCUMENTATION_COMMENTS = YES;
				CLANG_WARN_EMPTY_BODY = YES;
				CLANG_WARN_ENUM_CONVERSION = YES;
				CLANG_WARN_INFINITE_RECURSION = YES;
				CLANG_WARN_INT_CONVERSION = YES;
				CLANG_WARN_NON_LITERAL_NULL_CONVERSION = YES;
				CLANG_WARN_OBJC_IMPLICIT_RETAIN_SELF = YES;
				CLANG_WARN_OBJC_LITERAL_CONVERSION = YES;
				CLANG_WARN_OBJC_ROOT_CLASS = YES_ERROR;
				CLANG_WARN_RANGE_LOOP_ANALYSIS = YES;
				CLANG_WARN_STRICT_PROTOTYPES = YES;
				CLANG_WARN_SUSPICIOUS_MOVE = YES;
				CLANG_WARN_UNGUARDED_AVAILABILITY = YES_AGGRESSIVE;
				CLANG_WARN_UNREACHABLE_CODE = YES;
				CLANG_WARN__DUPLICATE_METHOD_MATCH = YES;
				CODE_SIGN_IDENTITY = "iPhone Developer";
				COPY_PHASE_STRIP = NO;
				DEBUG_INFORMATION_FORMAT = dwarf;
				ENABLE_STRICT_OBJC_MSGSEND = YES;
				ENABLE_TESTABILITY = YES;
				GCC_C_LANGUAGE_STANDARD = gnu11;
				GCC_DYNAMIC_NO_PIC = NO;
				GCC_NO_COMMON_BLOCKS = YES;
				GCC_OPTIMIZATION_LEVEL = 0;
				GCC_PREPROCESSOR_DEFINITIONS = (
					"DEBUG=1",
					"$(inherited)",
				);
				GCC_WARN_64_TO_32_BIT_CONVERSION = YES;
				GCC_WARN_ABOUT_RETURN_TYPE = YES_ERROR;
				GCC_WARN_UNDECLARED_SELECTOR = YES;
				GCC_WARN_UNINITIALIZED_AUTOS = YES_AGGRESSIVE;
				GCC_WARN_UNUSED_FUNCTION = YES;
				GCC_WARN_UNUSED_VARIABLE = YES;
				IPHONEOS_DEPLOYMENT_TARGET = 12.4;
				MTL_ENABLE_DEBUG_INFO = INCLUDE_SOURCE;
				MTL_FAST_MATH = YES;
				ONLY_ACTIVE_ARCH = YES;
				SDKROOT = iphoneos;
				SWIFT_ACTIVE_COMPILATION_CONDITIONS = DEBUG;
				SWIFT_OPTIMIZATION_LEVEL = "-Onone";
			};
			name = Debug;
		};
		17992621236CBAB800785280 /* Release */ = {
			isa = XCBuildConfiguration;
			buildSettings = {
				ALWAYS_SEARCH_USER_PATHS = NO;
				CLANG_ANALYZER_NONNULL = YES;
				CLANG_ANALYZER_NUMBER_OBJECT_CONVERSION = YES_AGGRESSIVE;
				CLANG_CXX_LANGUAGE_STANDARD = "gnu++14";
				CLANG_CXX_LIBRARY = "libc++";
				CLANG_ENABLE_MODULES = YES;
				CLANG_ENABLE_OBJC_ARC = YES;
				CLANG_ENABLE_OBJC_WEAK = YES;
				CLANG_WARN_BLOCK_CAPTURE_AUTORELEASING = YES;
				CLANG_WARN_BOOL_CONVERSION = YES;
				CLANG_WARN_COMMA = YES;
				CLANG_WARN_CONSTANT_CONVERSION = YES;
				CLANG_WARN_DEPRECATED_OBJC_IMPLEMENTATIONS = YES;
				CLANG_WARN_DIRECT_OBJC_ISA_USAGE = YES_ERROR;
				CLANG_WARN_DOCUMENTATION_COMMENTS = YES;
				CLANG_WARN_EMPTY_BODY = YES;
				CLANG_WARN_ENUM_CONVERSION = YES;
				CLANG_WARN_INFINITE_RECURSION = YES;
				CLANG_WARN_INT_CONVERSION = YES;
				CLANG_WARN_NON_LITERAL_NULL_CONVERSION = YES;
				CLANG_WARN_OBJC_IMPLICIT_RETAIN_SELF = YES;
				CLANG_WARN_OBJC_LITERAL_CONVERSION = YES;
				CLANG_WARN_OBJC_ROOT_CLASS = YES_ERROR;
				CLANG_WARN_RANGE_LOOP_ANALYSIS = YES;
				CLANG_WARN_STRICT_PROTOTYPES = YES;
				CLANG_WARN_SUSPICIOUS_MOVE = YES;
				CLANG_WARN_UNGUARDED_AVAILABILITY = YES_AGGRESSIVE;
				CLANG_WARN_UNREACHABLE_CODE = YES;
				CLANG_WARN__DUPLICATE_METHOD_MATCH = YES;
				CODE_SIGN_IDENTITY = "iPhone Developer";
				COPY_PHASE_STRIP = NO;
				DEBUG_INFORMATION_FORMAT = "dwarf-with-dsym";
				ENABLE_NS_ASSERTIONS = NO;
				ENABLE_STRICT_OBJC_MSGSEND = YES;
				GCC_C_LANGUAGE_STANDARD = gnu11;
				GCC_NO_COMMON_BLOCKS = YES;
				GCC_WARN_64_TO_32_BIT_CONVERSION = YES;
				GCC_WARN_ABOUT_RETURN_TYPE = YES_ERROR;
				GCC_WARN_UNDECLARED_SELECTOR = YES;
				GCC_WARN_UNINITIALIZED_AUTOS = YES_AGGRESSIVE;
				GCC_WARN_UNUSED_FUNCTION = YES;
				GCC_WARN_UNUSED_VARIABLE = YES;
				IPHONEOS_DEPLOYMENT_TARGET = 12.4;
				MTL_ENABLE_DEBUG_INFO = NO;
				MTL_FAST_MATH = YES;
				SDKROOT = iphoneos;
				SWIFT_COMPILATION_MODE = wholemodule;
				SWIFT_OPTIMIZATION_LEVEL = "-O";
				VALIDATE_PRODUCT = YES;
			};
			name = Release;
		};
		17992623236CBAB800785280 /* Debug */ = {
			isa = XCBuildConfiguration;
			buildSettings = {
				ASSETCATALOG_COMPILER_APPICON_NAME = AppIcon;
				CODE_SIGN_STYLE = Automatic;
				INFOPLIST_FILE = ThinktankProject/Info.plist;
				LD_RUNPATH_SEARCH_PATHS = (
					"$(inherited)",
					"@executable_path/Frameworks",
				);
				PRODUCT_BUNDLE_IDENTIFIER = LHSThinktank.ThinktankProject;
				PRODUCT_NAME = ThinktankProjectFINAL;
				SWIFT_VERSION = 5.0;
				TARGETED_DEVICE_FAMILY = "1,2";
			};
			name = Debug;
		};
		17992624236CBAB800785280 /* Release */ = {
			isa = XCBuildConfiguration;
			buildSettings = {
				ASSETCATALOG_COMPILER_APPICON_NAME = AppIcon;
				CODE_SIGN_STYLE = Automatic;
				INFOPLIST_FILE = ThinktankProject/Info.plist;
				LD_RUNPATH_SEARCH_PATHS = (
					"$(inherited)",
					"@executable_path/Frameworks",
				);
				PRODUCT_BUNDLE_IDENTIFIER = LHSThinktank.ThinktankProject;
				PRODUCT_NAME = ThinktankProjectFINAL;
				SWIFT_VERSION = 5.0;
				TARGETED_DEVICE_FAMILY = "1,2";
			};
			name = Release;
		};
/* End XCBuildConfiguration section */

/* Begin XCConfigurationList section */
		17992607236CBAB700785280 /* Build configuration list for PBXProject "ThinktankProject" */ = {
			isa = XCConfigurationList;
			buildConfigurations = (
				17992620236CBAB800785280 /* Debug */,
				17992621236CBAB800785280 /* Release */,
			);
			defaultConfigurationIsVisible = 0;
			defaultConfigurationName = Release;
		};
		17992622236CBAB800785280 /* Build configuration list for PBXNativeTarget "ThinktankProject" */ = {
			isa = XCConfigurationList;
			buildConfigurations = (
				17992623236CBAB800785280 /* Debug */,
				17992624236CBAB800785280 /* Release */,
			);
			defaultConfigurationIsVisible = 0;
			defaultConfigurationName = Release;
		};
/* End XCConfigurationList section */
	};
	rootObject = 17992604236CBAB700785280 /* Project object */;
}
